{
  "requires": true,
  "lockfileVersion": 1,
  "dependencies": {
    "@bitauth/libauth": {
      "version": "1.17.3",
      "resolved": "https://registry.npmjs.org/@bitauth/libauth/-/libauth-1.17.3.tgz",
      "integrity": "sha512-F8RewY6td3fyIQaUTMO1lV/aWLotB3HZ0UWKRCC+4pJbNCKlh8WLNNkiIPAFn6Mf3sPgYgrUnS3YlLRqMhzv7g=="
    },
    "@generalprotocols/anyhedge": {
      "version": "0.13.3",
      "resolved": "https://registry.npmjs.org/@generalprotocols/anyhedge/-/anyhedge-0.13.3.tgz",
      "integrity": "sha512-0AMFK/OAKilA0tkzKk/mH4y4lWraA/+WgmAnEq1QQHgtXwcTji/cy9JgFqLU6e9FDXaiV1Ll0MFYf23cU4Lngw==",
      "requires": {
        "@bitauth/libauth": "^1.17.3",
        "@generalprotocols/anyhedge-contracts": "^0.10.0",
        "@generalprotocols/price-oracle": "^1.5.1",
        "cashc": "^0.5.4",
        "cashscript": "^0.5.4",
        "debug": "^4.2.0",
        "electrum-cash": "^2.0.6",
        "long": "^4.0.0",
        "node-fetch": "^2.6.1"
      }
    },
    "@generalprotocols/anyhedge-contracts": {
      "version": "0.10.0",
      "resolved": "https://registry.npmjs.org/@generalprotocols/anyhedge-contracts/-/anyhedge-contracts-0.10.0.tgz",
      "integrity": "sha512-2za8dXsQZvcNf//GdqdGhhon7PvWnY0Un2s4elbLetwYTgKnnPZOxOVVFgSJxxQRCJ/4YZ6QEXljT8h3U8SUwA==",
      "requires": {
        "cashscript": "^0.5.2"
      }
    },
    "@generalprotocols/price-oracle": {
      "version": "1.5.1",
      "resolved": "https://registry.npmjs.org/@generalprotocols/price-oracle/-/price-oracle-1.5.1.tgz",
      "integrity": "sha512-CM0rrbof25G8IMuBf8KaerGxGJI/ZocAtCgIwZxrsu6I7I8VHowoAe0N1PLJAWNYAbFJsHZOVct1NWO1ov/oew==",
      "requires": {
        "@bitauth/libauth": "^1.17.3",
        "debug": "^4.2.0",
        "json-arraybuffer-reviver": "^1.0.0",
        "zeromq": "^6.0.0-beta.6"
      }
    },
    "@types/node": {
      "version": "14.14.19",
      "resolved": "https://registry.npmjs.org/@types/node/-/node-14.14.19.tgz",
      "integrity": "sha512-4nhBPStMK04rruRVtVc6cDqhu7S9GZai0fpXgPXrFpcPX6Xul8xnrjSdGB4KPBVYG/R5+fXWdCM8qBoiULWGPQ=="
    },
    "@types/semver": {
      "version": "6.2.2",
      "resolved": "https://registry.npmjs.org/@types/semver/-/semver-6.2.2.tgz",
      "integrity": "sha512-RxAwYt4rGwK5GyoRwuP0jT6ZHAVTdz2EqgsHmX0PYNjGsko+OeT4WFXXTs/lM3teJUJodM+SNtAL5/pXIJ61IQ=="
    },
    "@types/ws": {
      "version": "7.4.0",
      "resolved": "https://registry.npmjs.org/@types/ws/-/ws-7.4.0.tgz",
      "integrity": "sha512-Y29uQ3Uy+58bZrFLhX36hcI3Np37nqWE7ky5tjiDoy1GDZnIwVxS0CgF+s+1bXMzjKBFy+fqaRfb708iNzdinw==",
      "requires": {
        "@types/node": "*"
      }
    },
    "antlr4ts": {
      "version": "0.5.0-alpha.4",
      "resolved": "https://registry.npmjs.org/antlr4ts/-/antlr4ts-0.5.0-alpha.4.tgz",
      "integrity": "sha512-WPQDt1B74OfPv/IMS2ekXAKkTZIHl88uMetg6q3OTqgFxZ/dxDXI0EWLyZid/1Pe6hTftyg5N7gel5wNAGxXyQ=="
    },
    "async-mutex": {
      "version": "0.2.6",
      "resolved": "https://registry.npmjs.org/async-mutex/-/async-mutex-0.2.6.tgz",
      "integrity": "sha512-Hs4R+4SPgamu6rSGW8C7cV9gaWUKEHykfzCCvIRuaVv636Ju10ZdeUbvb4TBEW0INuq2DHZqXbK4Nd3yG4RaRw==",
      "requires": {
        "tslib": "^2.0.0"
      }
    },
    "bip68": {
      "version": "1.0.4",
      "resolved": "https://registry.npmjs.org/bip68/-/bip68-1.0.4.tgz",
      "integrity": "sha512-O1htyufFTYy3EO0JkHg2CLykdXEtV2ssqw47Gq9A0WByp662xpJnMEB9m43LZjsSDjIAOozWRExlFQk2hlV1XQ=="
    },
    "cashc": {
      "version": "0.5.7",
      "resolved": "https://registry.npmjs.org/cashc/-/cashc-0.5.7.tgz",
      "integrity": "sha512-FmD7Yvi01vU4gOVnug78GSEzMgzbhMwQtbudi9zFwCucQvfiHx7hCqBmxKEo7z5kvJzPAeSLLzAdHrmlNthy8A==",
      "requires": {
        "@bitauth/libauth": "^1.17.2",
        "@types/semver": "^6.0.2",
        "antlr4ts": "^0.5.0-alpha.3",
        "commander": "^6.0.0",
        "semver": "^6.3.0"
      }
    },
    "cashscript": {
      "version": "0.5.7",
      "resolved": "https://registry.npmjs.org/cashscript/-/cashscript-0.5.7.tgz",
      "integrity": "sha512-fEULeedpkyNgurTbFVBBooEZ2t5Zw0WN6evJYSvuY2QeVYm5ftuTL0rp8T0nT7ep3OHoeIWZLuJemWZnOExOAA==",
      "requires": {
        "@bitauth/libauth": "^1.17.2",
        "bip68": "^1.0.4",
        "cashc": "^0.5.7",
        "delay": "^4.3.0",
        "electrum-cash": "^2.0.4",
        "hash.js": "^1.1.7"
      }
    },
    "commander": {
      "version": "6.2.1",
      "resolved": "https://registry.npmjs.org/commander/-/commander-6.2.1.tgz",
      "integrity": "sha512-U7VdrJFnJgo4xjrHpTzu0yrHPGImdsmD95ZlgYSEajAn2JKzDhDTPG9kBTefmObL2w/ngeZnilk+OV9CG3d7UA=="
    },
    "debug": {
      "version": "4.3.1",
      "resolved": "https://registry.npmjs.org/debug/-/debug-4.3.1.tgz",
      "integrity": "sha512-doEwdvm4PCeK4K3RQN2ZC2BYUBaxwLARCqZmMjtF8a51J2Rb0xpVloFRnCODwqjpwnAoao4pelN8l3RJdv3gRQ==",
      "requires": {
        "ms": "2.1.2"
      }
    },
    "delay": {
      "version": "4.4.0",
      "resolved": "https://registry.npmjs.org/delay/-/delay-4.4.0.tgz",
      "integrity": "sha512-txgOrJu3OdtOfTiEOT2e76dJVfG/1dz2NZ4F0Pyt4UGZJryssMRp5vdM5wQoLwSOBNdrJv3F9PAhp/heqd7vrA=="
    },
    "electrum-cash": {
      "version": "2.0.6",
      "resolved": "https://registry.npmjs.org/electrum-cash/-/electrum-cash-2.0.6.tgz",
      "integrity": "sha512-+o0Hqcl0eCwd9fvCJpWn4yV3gYX874uCGpwpwNbZuEU9ipY5ft9iU0IfuFghUN6/AuCcsE6f8JkVOjuTjmfF5Q==",
      "requires": {
        "@types/ws": "^7.2.6",
        "async-mutex": "^0.2.4",
        "debug": "^4.1.1",
        "isomorphic-ws": "^4.0.1",
        "ws": "^7.3.1"
      }
    },
    "hash.js": {
      "version": "1.1.7",
      "resolved": "https://registry.npmjs.org/hash.js/-/hash.js-1.1.7.tgz",
      "integrity": "sha512-taOaskGt4z4SOANNseOviYDvjEJinIkRgmp7LbKP2YTTmVxWBl87s/uzK9r+44BclBSp2X7K1hqeNfz9JbBeXA==",
      "requires": {
        "inherits": "^2.0.3",
        "minimalistic-assert": "^1.0.1"
      }
    },
    "inherits": {
      "version": "2.0.4",
      "resolved": "https://registry.npmjs.org/inherits/-/inherits-2.0.4.tgz",
      "integrity": "sha512-k/vGaX4/Yla3WzyMCvTQOXYeIHvqOKtnqBduzTHpzpQZzAskKMhZ2K+EnBiSM9zGSoIFeMpXKxa4dYeZIQqewQ=="
    },
    "isomorphic-ws": {
      "version": "4.0.1",
      "resolved": "https://registry.npmjs.org/isomorphic-ws/-/isomorphic-ws-4.0.1.tgz",
      "integrity": "sha512-BhBvN2MBpWTaSHdWRb/bwdZJ1WaehQ2L1KngkCkfLUGF0mAWAT1sQUQacEmQ0jXkFw/czDXPNQSL5u2/Krsz1w=="
    },
    "json-arraybuffer-reviver": {
      "version": "1.0.1",
      "resolved": "https://registry.npmjs.org/json-arraybuffer-reviver/-/json-arraybuffer-reviver-1.0.1.tgz",
      "integrity": "sha512-0dJjWRf2eH9NEA7qnrAI41GLuKVmrHypQCQRNW0srFnNqZXnunAEFbShfP6OaBJe/MKWrIK+qQluSTiBac4HTQ==",
      "requires": {
        "@bitauth/libauth": "^1.17.3"
      }
    },
    "long": {
      "version": "4.0.0",
      "resolved": "https://registry.npmjs.org/long/-/long-4.0.0.tgz",
      "integrity": "sha512-XsP+KhQif4bjX1kbuSiySJFNAehNxgLb6hPRGJ9QsUr8ajHkuXGdrHmFUTUUXhDwVX2R5bY4JNZEwbUiMhV+MA=="
    },
    "minimalistic-assert": {
      "version": "1.0.1",
      "resolved": "https://registry.npmjs.org/minimalistic-assert/-/minimalistic-assert-1.0.1.tgz",
      "integrity": "sha512-UtJcAD4yEaGtjPezWuO9wC4nwUnVH/8/Im3yEHQP4b67cXlD/Qr9hdITCU1xDbSEXg2XKNaP8jsReV7vQd00/A=="
    },
    "ms": {
      "version": "2.1.2",
      "resolved": "https://registry.npmjs.org/ms/-/ms-2.1.2.tgz",
      "integrity": "sha512-sGkPx+VjMtmA6MX27oA4FBFELFCZZ4S4XqeGOXCv68tT+jb3vk/RyaKWP0PTKyWtmLSM0b+adUTEvbs1PEaH2w=="
    },
    "node-fetch": {
      "version": "2.6.1",
      "resolved": "https://registry.npmjs.org/node-fetch/-/node-fetch-2.6.1.tgz",
      "integrity": "sha512-V4aYg89jEoVRxRb2fJdAg8FHvI7cEyYdVAh94HH0UIK8oJxUfkjlDQN9RbMx+bEjP7+ggMiFRprSti032Oipxw=="
    },
    "node-gyp-build": {
      "version": "4.2.3",
      "resolved": "https://registry.npmjs.org/node-gyp-build/-/node-gyp-build-4.2.3.tgz",
      "integrity": "sha512-MN6ZpzmfNCRM+3t57PTJHgHyw/h4OWnZ6mR8P5j/uZtqQr46RRuDE/P+g3n0YR/AiYXeWixZZzaip77gdICfRg=="
    },
    "semver": {
      "version": "6.3.0",
      "resolved": "https://registry.npmjs.org/semver/-/semver-6.3.0.tgz",
      "integrity": "sha512-b39TBaTSfV6yBrapU89p5fKekE2m/NwnDocOVruQFS1/veMgdzuPcnOM34M6CwxW8jH/lxEa5rBoDeUwu5HHTw=="
    },
    "tslib": {
      "version": "2.0.3",
      "resolved": "https://registry.npmjs.org/tslib/-/tslib-2.0.3.tgz",
      "integrity": "sha512-uZtkfKblCEQtZKBF6EBXVZeQNl82yqtDQdv+eck8u7tdPxjLu2/lp5/uPW+um2tpuxINHWy3GhiccY7QgEaVHQ=="
    },
    "ws": {
      "version": "7.4.2",
      "resolved": "https://registry.npmjs.org/ws/-/ws-7.4.2.tgz",
      "integrity": "sha512-T4tewALS3+qsrpGI/8dqNMLIVdq/g/85U98HPMa6F0m6xTbvhXU6RCQLqPH3+SlomNV/LdY6RXEbBpMH6EOJnA=="
    },
    "zeromq": {
      "version": "6.0.0-beta.6",
      "resolved": "https://registry.npmjs.org/zeromq/-/zeromq-6.0.0-beta.6.tgz",
      "integrity": "sha512-wLf6M7pBHijl+BRltUL2VoDpgbQcOZetiX8UzycHL8CcYFxYnRrpoG5fi3UX3+Umavz1lk4/dGaQez8qiDgr/Q==",
      "requires": {
        "node-gyp-build": "^4.1.0"
      }
    }
  }
}
